
Microsoft Visual Studio Solution File, Format Version 12.00
# Visual Studio Version 17
VisualStudioVersion = 17.6.33829.357
MinimumVisualStudioVersion = 10.0.40219.1
Project("{FAE04EC0-301F-11D3-BF4B-00C04F79EFBC}") = "ejercicio3", "ejercicio3.csproj", "{39C1964E-6223-4DBC-B68B-A774CAB7A93F}"
EndProject
Global
	GlobalSection(SolutionConfigurationPlatforms) = preSolution
		Debug|Any CPU = Debug|Any CPU
		Release|Any CPU = Release|Any CPU
	EndGlobalSection
	GlobalSection(ProjectConfigurationPlatforms) = postSolution
		{39C1964E-6223-4DBC-B68B-A774CAB7A93F}.Debug|Any CPU.ActiveCfg = Debug|Any CPU
		{39C1964E-6223-4DBC-B68B-A774CAB7A93F}.Debug|Any CPU.Build.0 = Debug|Any CPU
		{39C1964E-6223-4DBC-B68B-A774CAB7A93F}.Release|Any CPU.ActiveCfg = Release|Any CPU
		{39C1964E-6223-4DBC-B68B-A774CAB7A93F}.Release|Any CPU.Build.0 = Release|Any CPU
	EndGlobalSection
	GlobalSection(SolutionProperties) = preSolution
		HideSolutionNode = FALSE
	EndGlobalSection
	GlobalSection(ExtensibilityGlobals) = postSolution
		SolutionGuid = {5729DC23-D1EC-4729-A470-5A7526EEB957}
	EndGlobalSection
EndGlobal
